// !$*UTF8*$!
{
	archiveVersion = 1;
	classes = {
	};
	objectVersion = 56;
	objects = {

/* Begin PBXBuildFile section */
		0978B79F29318D6A0091CE38 /* MainScreenPresenter.swift in Sources */ = {isa = PBXBuildFile; fileRef = 0978B79E29318D6A0091CE38 /* MainScreenPresenter.swift */; };
		0978B7A2293196270091CE38 /* Inter.ttf in Resources */ = {isa = PBXBuildFile; fileRef = 0978B7A1293196270091CE38 /* Inter.ttf */; };
		0978B7A629319EED0091CE38 /* Localizable.strings in Resources */ = {isa = PBXBuildFile; fileRef = 0978B7A829319EED0091CE38 /* Localizable.strings */; };
		0978B7AB2931A0A40091CE38 /* Helpers.swift in Sources */ = {isa = PBXBuildFile; fileRef = 0978B7AA2931A0A40091CE38 /* Helpers.swift */; };
		0978B7AE2931A38E0091CE38 /* TodayWeatherCell.swift in Sources */ = {isa = PBXBuildFile; fileRef = 0978B7AC2931A38E0091CE38 /* TodayWeatherCell.swift */; };
		0978B7AF2931A38E0091CE38 /* TodayWeatherCell.xib in Resources */ = {isa = PBXBuildFile; fileRef = 0978B7AD2931A38E0091CE38 /* TodayWeatherCell.xib */; };
		09F44383292BB6B200D3CFFC /* AppDelegate.swift in Sources */ = {isa = PBXBuildFile; fileRef = 09F44382292BB6B200D3CFFC /* AppDelegate.swift */; };
		09F44385292BB6B200D3CFFC /* SceneDelegate.swift in Sources */ = {isa = PBXBuildFile; fileRef = 09F44384292BB6B200D3CFFC /* SceneDelegate.swift */; };
		09F44387292BB6B200D3CFFC /* ViewController.swift in Sources */ = {isa = PBXBuildFile; fileRef = 09F44386292BB6B200D3CFFC /* ViewController.swift */; };
		09F4438A292BB6B200D3CFFC /* Main.storyboard in Resources */ = {isa = PBXBuildFile; fileRef = 09F44388292BB6B200D3CFFC /* Main.storyboard */; };
		09F4438C292BB6B300D3CFFC /* Assets.xcassets in Resources */ = {isa = PBXBuildFile; fileRef = 09F4438B292BB6B300D3CFFC /* Assets.xcassets */; };
		09F4438F292BB6B300D3CFFC /* LaunchScreen.storyboard in Resources */ = {isa = PBXBuildFile; fileRef = 09F4438D292BB6B300D3CFFC /* LaunchScreen.storyboard */; };
		09F4439D292BB71E00D3CFFC /* Model.swift in Sources */ = {isa = PBXBuildFile; fileRef = 09F4439C292BB71E00D3CFFC /* Model.swift */; };
		09F4439F292BB74700D3CFFC /* TestTaskJSON.json in Resources */ = {isa = PBXBuildFile; fileRef = 09F4439E292BB74700D3CFFC /* TestTaskJSON.json */; };
/* End PBXBuildFile section */

/* Begin PBXFileReference section */
		0978B79E29318D6A0091CE38 /* MainScreenPresenter.swift */ = {isa = PBXFileReference; lastKnownFileType = sourcecode.swift; path = MainScreenPresenter.swift; sourceTree = "<group>"; };
		0978B7A1293196270091CE38 /* Inter.ttf */ = {isa = PBXFileReference; lastKnownFileType = file; path = Inter.ttf; sourceTree = "<group>"; };
		0978B7A329319E2B0091CE38 /* ru */ = {isa = PBXFileReference; lastKnownFileType = text.plist.strings; name = ru; path = ru.lproj/Main.strings; sourceTree = "<group>"; };
		0978B7A729319EED0091CE38 /* en */ = {isa = PBXFileReference; lastKnownFileType = text.plist.strings; name = en; path = en.lproj/Localizable.strings; sourceTree = "<group>"; };
		0978B7A929319EF30091CE38 /* ru */ = {isa = PBXFileReference; lastKnownFileType = text.plist.strings; name = ru; path = ru.lproj/Localizable.strings; sourceTree = "<group>"; };
		0978B7AA2931A0A40091CE38 /* Helpers.swift */ = {isa = PBXFileReference; lastKnownFileType = sourcecode.swift; path = Helpers.swift; sourceTree = "<group>"; };
		0978B7AC2931A38E0091CE38 /* TodayWeatherCell.swift */ = {isa = PBXFileReference; lastKnownFileType = sourcecode.swift; path = TodayWeatherCell.swift; sourceTree = "<group>"; };
		0978B7AD2931A38E0091CE38 /* TodayWeatherCell.xib */ = {isa = PBXFileReference; lastKnownFileType = file.xib; path = TodayWeatherCell.xib; sourceTree = "<group>"; };
		09F4437F292BB6B200D3CFFC /* TZ1.app */ = {isa = PBXFileReference; explicitFileType = wrapper.application; includeInIndex = 0; path = TZ1.app; sourceTree = BUILT_PRODUCTS_DIR; };
		09F44382292BB6B200D3CFFC /* AppDelegate.swift */ = {isa = PBXFileReference; lastKnownFileType = sourcecode.swift; path = AppDelegate.swift; sourceTree = "<group>"; };
		09F44384292BB6B200D3CFFC /* SceneDelegate.swift */ = {isa = PBXFileReference; lastKnownFileType = sourcecode.swift; path = SceneDelegate.swift; sourceTree = "<group>"; };
		09F44386292BB6B200D3CFFC /* ViewController.swift */ = {isa = PBXFileReference; lastKnownFileType = sourcecode.swift; path = ViewController.swift; sourceTree = "<group>"; };
		09F44389292BB6B200D3CFFC /* Base */ = {isa = PBXFileReference; lastKnownFileType = file.storyboard; name = Base; path = Base.lproj/Main.storyboard; sourceTree = "<group>"; };
		09F4438B292BB6B300D3CFFC /* Assets.xcassets */ = {isa = PBXFileReference; lastKnownFileType = folder.assetcatalog; path = Assets.xcassets; sourceTree = "<group>"; };
		09F4438E292BB6B300D3CFFC /* Base */ = {isa = PBXFileReference; lastKnownFileType = file.storyboard; name = Base; path = Base.lproj/LaunchScreen.storyboard; sourceTree = "<group>"; };
		09F44390292BB6B300D3CFFC /* Info.plist */ = {isa = PBXFileReference; lastKnownFileType = text.plist.xml; path = Info.plist; sourceTree = "<group>"; };
		09F4439C292BB71E00D3CFFC /* Model.swift */ = {isa = PBXFileReference; lastKnownFileType = sourcecode.swift; path = Model.swift; sourceTree = "<group>"; };
		09F4439E292BB74700D3CFFC /* TestTaskJSON.json */ = {isa = PBXFileReference; fileEncoding = 4; lastKnownFileType = text.json; path = TestTaskJSON.json; sourceTree = "<group>"; };
/* End PBXFileReference section */

/* Begin PBXFrameworksBuildPhase section */
		09F4437C292BB6B200D3CFFC /* Frameworks */ = {
			isa = PBXFrameworksBuildPhase;
			buildActionMask = 2147483647;
			files = (
			);
			runOnlyForDeploymentPostprocessing = 0;
		};
/* End PBXFrameworksBuildPhase section */

/* Begin PBXGroup section */
		0978B7A0293195ED0091CE38 /* Fonts */ = {
			isa = PBXGroup;
			children = (
				0978B7A1293196270091CE38 /* Inter.ttf */,
			);
			path = Fonts;
			sourceTree = "<group>";
		};
		09F44376292BB6B200D3CFFC = {
			isa = PBXGroup;
			children = (
				09F44381292BB6B200D3CFFC /* TZ1 */,
				09F44380292BB6B200D3CFFC /* Products */,
			);
			sourceTree = "<group>";
		};
		09F44380292BB6B200D3CFFC /* Products */ = {
			isa = PBXGroup;
			children = (
				09F4437F292BB6B200D3CFFC /* TZ1.app */,
			);
			name = Products;
			sourceTree = "<group>";
		};
		09F44381292BB6B200D3CFFC /* TZ1 */ = {
			isa = PBXGroup;
			children = (
				0978B7A0293195ED0091CE38 /* Fonts */,
				09F4439E292BB74700D3CFFC /* TestTaskJSON.json */,
				09F44396292BB6BB00D3CFFC /* Support */,
				09F4439B292BB70000D3CFFC /* Model */,
				09F44397292BB6CD00D3CFFC /* View */,
				09F4439A292BB6E200D3CFFC /* Presenter */,
				09F4438B292BB6B300D3CFFC /* Assets.xcassets */,
				09F4438D292BB6B300D3CFFC /* LaunchScreen.storyboard */,
				09F44390292BB6B300D3CFFC /* Info.plist */,
				0978B7A829319EED0091CE38 /* Localizable.strings */,
				0978B7AA2931A0A40091CE38 /* Helpers.swift */,
			);
			path = TZ1;
			sourceTree = "<group>";
		};
		09F44396292BB6BB00D3CFFC /* Support */ = {
			isa = PBXGroup;
			children = (
				09F44382292BB6B200D3CFFC /* AppDelegate.swift */,
				09F44384292BB6B200D3CFFC /* SceneDelegate.swift */,
			);
			path = Support;
			sourceTree = "<group>";
		};
		09F44397292BB6CD00D3CFFC /* View */ = {
			isa = PBXGroup;
			children = (
				09F44386292BB6B200D3CFFC /* ViewController.swift */,
				09F44388292BB6B200D3CFFC /* Main.storyboard */,
				0978B7AC2931A38E0091CE38 /* TodayWeatherCell.swift */,
				0978B7AD2931A38E0091CE38 /* TodayWeatherCell.xib */,
			);
			path = View;
			sourceTree = "<group>";
		};
		09F4439A292BB6E200D3CFFC /* Presenter */ = {
			isa = PBXGroup;
			children = (
				0978B79E29318D6A0091CE38 /* MainScreenPresenter.swift */,
			);
			path = Presenter;
			sourceTree = "<group>";
		};
		09F4439B292BB70000D3CFFC /* Model */ = {
			isa = PBXGroup;
			children = (
				09F4439C292BB71E00D3CFFC /* Model.swift */,
			);
			path = Model;
			sourceTree = "<group>";
		};
/* End PBXGroup section */

/* Begin PBXNativeTarget section */
		09F4437E292BB6B200D3CFFC /* TZ1 */ = {
			isa = PBXNativeTarget;
			buildConfigurationList = 09F44393292BB6B300D3CFFC /* Build configuration list for PBXNativeTarget "TZ1" */;
			buildPhases = (
				09F4437B292BB6B200D3CFFC /* Sources */,
				09F4437C292BB6B200D3CFFC /* Frameworks */,
				09F4437D292BB6B200D3CFFC /* Resources */,
			);
			buildRules = (
			);
			dependencies = (
			);
			name = TZ1;
			productName = TZ1;
			productReference = 09F4437F292BB6B200D3CFFC /* TZ1.app */;
			productType = "com.apple.product-type.application";
		};
/* End PBXNativeTarget section */

/* Begin PBXProject section */
		09F44377292BB6B200D3CFFC /* Project object */ = {
			isa = PBXProject;
			attributes = {
				BuildIndependentTargetsInParallel = 1;
				LastSwiftUpdateCheck = 1400;
				LastUpgradeCheck = 1400;
				TargetAttributes = {
					09F4437E292BB6B200D3CFFC = {
						CreatedOnToolsVersion = 14.0;
					};
				};
			};
			buildConfigurationList = 09F4437A292BB6B200D3CFFC /* Build configuration list for PBXProject "TZ1" */;
			compatibilityVersion = "Xcode 14.0";
			developmentRegion = en;
			hasScannedForEncodings = 0;
			knownRegions = (
				en,
				Base,
				ru,
			);
			mainGroup = 09F44376292BB6B200D3CFFC;
			productRefGroup = 09F44380292BB6B200D3CFFC /* Products */;
			projectDirPath = "";
			projectRoot = "";
			targets = (
				09F4437E292BB6B200D3CFFC /* TZ1 */,
			);
		};
/* End PBXProject section */

/* Begin PBXResourcesBuildPhase section */
		09F4437D292BB6B200D3CFFC /* Resources */ = {
			isa = PBXResourcesBuildPhase;
			buildActionMask = 2147483647;
			files = (
				09F4438F292BB6B300D3CFFC /* LaunchScreen.storyboard in Resources */,
				0978B7AF2931A38E0091CE38 /* TodayWeatherCell.xib in Resources */,
				0978B7A629319EED0091CE38 /* Localizable.strings in Resources */,
				0978B7A2293196270091CE38 /* Inter.ttf in Resources */,
				09F4438C292BB6B300D3CFFC /* Assets.xcassets in Resources */,
				09F4439F292BB74700D3CFFC /* TestTaskJSON.json in Resources */,
				09F4438A292BB6B200D3CFFC /* Main.storyboard in Resources */,
			);
			runOnlyForDeploymentPostprocessing = 0;
		};
/* End PBXResourcesBuildPhase section */

/* Begin PBXSourcesBuildPhase section */
		09F4437B292BB6B200D3CFFC /* Sources */ = {
			isa = PBXSourcesBuildPhase;
			buildActionMask = 2147483647;
			files = (
				09F44387292BB6B200D3CFFC /* ViewController.swift in Sources */,
				0978B7AB2931A0A40091CE38 /* Helpers.swift in Sources */,
				09F44383292BB6B200D3CFFC /* AppDelegate.swift in Sources */,
				09F44385292BB6B200D3CFFC /* SceneDelegate.swift in Sources */,
				09F4439D292BB71E00D3CFFC /* Model.swift in Sources */,
				0978B79F29318D6A0091CE38 /* MainScreenPresenter.swift in Sources */,
				0978B7AE2931A38E0091CE38 /* TodayWeatherCell.swift in Sources */,
			);
			runOnlyForDeploymentPostprocessing = 0;
		};
/* End PBXSourcesBuildPhase section */

/* Begin PBXVariantGroup section */
		0978B7A829319EED0091CE38 /* Localizable.strings */ = {
			isa = PBXVariantGroup;
			children = (
				0978B7A729319EED0091CE38 /* en */,
				0978B7A929319EF30091CE38 /* ru */,
			);
			name = Localizable.strings;
			sourceTree = "<group>";
		};
		09F44388292BB6B200D3CFFC /* Main.storyboard */ = {
			isa = PBXVariantGroup;
			children = (
				09F44389292BB6B200D3CFFC /* Base */,
				0978B7A329319E2B0091CE38 /* ru */,
			);
			name = Main.storyboard;
			sourceTree = "<group>";
		};
		09F4438D292BB6B300D3CFFC /* LaunchScreen.storyboard */ = {
			isa = PBXVariantGroup;
			children = (
				09F4438E292BB6B300D3CFFC /* Base */,
			);
			name = LaunchScreen.storyboard;
			sourceTree = "<group>";
		};
/* End PBXVariantGroup section */

/* Begin XCBuildConfiguration section */
		09F44391292BB6B300D3CFFC /* Debug */ = {
			isa = XCBuildConfiguration;
			buildSettings = {
				ALWAYS_SEARCH_USER_PATHS = NO;
				CLANG_ANALYZER_LOCALIZABILITY_NONLOCALIZED = YES;
				CLANG_ANALYZER_NONNULL = YES;
				CLANG_ANALYZER_NUMBER_OBJECT_CONVERSION = YES_AGGRESSIVE;
				CLANG_CXX_LANGUAGE_STANDARD = "gnu++20";
				CLANG_ENABLE_MODULES = YES;
				CLANG_ENABLE_OBJC_ARC = YES;
				CLANG_ENABLE_OBJC_WEAK = YES;
				CLANG_WARN_BLOCK_CAPTURE_AUTORELEASING = YES;
				CLANG_WARN_BOOL_CONVERSION = YES;
				CLANG_WARN_COMMA = YES;
				CLANG_WARN_CONSTANT_CONVERSION = YES;
				CLANG_WARN_DEPRECATED_OBJC_IMPLEMENTATIONS = YES;
				CLANG_WARN_DIRECT_OBJC_ISA_USAGE = YES_ERROR;
				CLANG_WARN_DOCUMENTATION_COMMENTS = YES;
				CLANG_WARN_EMPTY_BODY = YES;
				CLANG_WARN_ENUM_CONVERSION = YES;
				CLANG_WARN_INFINITE_RECURSION = YES;
				CLANG_WARN_INT_CONVERSION = YES;
				CLANG_WARN_NON_LITERAL_NULL_CONVERSION = YES;
				CLANG_WARN_OBJC_IMPLICIT_RETAIN_SELF = YES;
				CLANG_WARN_OBJC_LITERAL_CONVERSION = YES;
				CLANG_WARN_OBJC_ROOT_CLASS = YES_ERROR;
				CLANG_WARN_QUOTED_INCLUDE_IN_FRAMEWORK_HEADER = YES;
				CLANG_WARN_RANGE_LOOP_ANALYSIS = YES;
				CLANG_WARN_STRICT_PROTOTYPES = YES;
				CLANG_WARN_SUSPICIOUS_MOVE = YES;
				CLANG_WARN_UNGUARDED_AVAILABILITY = YES_AGGRESSIVE;
				CLANG_WARN_UNREACHABLE_CODE = YES;
				CLANG_WARN__DUPLICATE_METHOD_MATCH = YES;
				COPY_PHASE_STRIP = NO;
				DEBUG_INFORMATION_FORMAT = dwarf;
				ENABLE_STRICT_OBJC_MSGSEND = YES;
				ENABLE_TESTABILITY = YES;
				GCC_C_LANGUAGE_STANDARD = gnu11;
				GCC_DYNAMIC_NO_PIC = NO;
				GCC_NO_COMMON_BLOCKS = YES;
				GCC_OPTIMIZATION_LEVEL = 0;
				GCC_PREPROCESSOR_DEFINITIONS = (
					"DEBUG=1",
					"$(inherited)",
				);
				GCC_WARN_64_TO_32_BIT_CONVERSION = YES;
				GCC_WARN_ABOUT_RETURN_TYPE = YES_ERROR;
				GCC_WARN_UNDECLARED_SELECTOR = YES;
				GCC_WARN_UNINITIALIZED_AUTOS = YES_AGGRESSIVE;
				GCC_WARN_UNUSED_FUNCTION = YES;
				GCC_WARN_UNUSED_VARIABLE = YES;
				IPHONEOS_DEPLOYMENT_TARGET = 16.0;
				MTL_ENABLE_DEBUG_INFO = INCLUDE_SOURCE;
				MTL_FAST_MATH = YES;
				ONLY_ACTIVE_ARCH = YES;
				SDKROOT = iphoneos;
				SWIFT_ACTIVE_COMPILATION_CONDITIONS = DEBUG;
				SWIFT_OPTIMIZATION_LEVEL = "-Onone";
			};
			name = Debug;
		};
		09F44392292BB6B300D3CFFC /* Release */ = {
			isa = XCBuildConfiguration;
			buildSettings = {
				ALWAYS_SEARCH_USER_PATHS = NO;
				CLANG_ANALYZER_LOCALIZABILITY_NONLOCALIZED = YES;
				CLANG_ANALYZER_NONNULL = YES;
				CLANG_ANALYZER_NUMBER_OBJECT_CONVERSION = YES_AGGRESSIVE;
				CLANG_CXX_LANGUAGE_STANDARD = "gnu++20";
				CLANG_ENABLE_MODULES = YES;
				CLANG_ENABLE_OBJC_ARC = YES;
				CLANG_ENABLE_OBJC_WEAK = YES;
				CLANG_WARN_BLOCK_CAPTURE_AUTORELEASING = YES;
				CLANG_WARN_BOOL_CONVERSION = YES;
				CLANG_WARN_COMMA = YES;
				CLANG_WARN_CONSTANT_CONVERSION = YES;
				CLANG_WARN_DEPRECATED_OBJC_IMPLEMENTATIONS = YES;
				CLANG_WARN_DIRECT_OBJC_ISA_USAGE = YES_ERROR;
				CLANG_WARN_DOCUMENTATION_COMMENTS = YES;
				CLANG_WARN_EMPTY_BODY = YES;
				CLANG_WARN_ENUM_CONVERSION = YES;
				CLANG_WARN_INFINITE_RECURSION = YES;
				CLANG_WARN_INT_CONVERSION = YES;
				CLANG_WARN_NON_LITERAL_NULL_CONVERSION = YES;
				CLANG_WARN_OBJC_IMPLICIT_RETAIN_SELF = YES;
				CLANG_WARN_OBJC_LITERAL_CONVERSION = YES;
				CLANG_WARN_OBJC_ROOT_CLASS = YES_ERROR;
				CLANG_WARN_QUOTED_INCLUDE_IN_FRAMEWORK_HEADER = YES;
				CLANG_WARN_RANGE_LOOP_ANALYSIS = YES;
				CLANG_WARN_STRICT_PROTOTYPES = YES;
				CLANG_WARN_SUSPICIOUS_MOVE = YES;
				CLANG_WARN_UNGUARDED_AVAILABILITY = YES_AGGRESSIVE;
				CLANG_WARN_UNREACHABLE_CODE = YES;
				CLANG_WARN__DUPLICATE_METHOD_MATCH = YES;
				COPY_PHASE_STRIP = NO;
				DEBUG_INFORMATION_FORMAT = "dwarf-with-dsym";
				ENABLE_NS_ASSERTIONS = NO;
				ENABLE_STRICT_OBJC_MSGSEND = YES;
				GCC_C_LANGUAGE_STANDARD = gnu11;
				GCC_NO_COMMON_BLOCKS = YES;
				GCC_WARN_64_TO_32_BIT_CONVERSION = YES;
				GCC_WARN_ABOUT_RETURN_TYPE = YES_ERROR;
				GCC_WARN_UNDECLARED_SELECTOR = YES;
				GCC_WARN_UNINITIALIZED_AUTOS = YES_AGGRESSIVE;
				GCC_WARN_UNUSED_FUNCTION = YES;
				GCC_WARN_UNUSED_VARIABLE = YES;
				IPHONEOS_DEPLOYMENT_TARGET = 16.0;
				MTL_ENABLE_DEBUG_INFO = NO;
				MTL_FAST_MATH = YES;
				SDKROOT = iphoneos;
				SWIFT_COMPILATION_MODE = wholemodule;
				SWIFT_OPTIMIZATION_LEVEL = "-O";
				VALIDATE_PRODUCT = YES;
			};
			name = Release;
		};
		09F44394292BB6B300D3CFFC /* Debug */ = {
			isa = XCBuildConfiguration;
			buildSettings = {
				ASSETCATALOG_COMPILER_APPICON_NAME = AppIcon;
				ASSETCATALOG_COMPILER_GLOBAL_ACCENT_COLOR_NAME = AccentColor;
				CODE_SIGN_STYLE = Automatic;
				CURRENT_PROJECT_VERSION = 1;
				DEVELOPMENT_TEAM = JH326RM538;
				GENERATE_INFOPLIST_FILE = YES;
				INFOPLIST_FILE = TZ1/Info.plist;
				INFOPLIST_KEY_UIApplicationSupportsIndirectInputEvents = YES;
				INFOPLIST_KEY_UILaunchStoryboardName = LaunchScreen;
				INFOPLIST_KEY_UIMainStoryboardFile = Main;
				INFOPLIST_KEY_UISupportedInterfaceOrientations_iPad = "UIInterfaceOrientationPortrait UIInterfaceOrientationPortraitUpsideDown UIInterfaceOrientationLandscapeLeft UIInterfaceOrientationLandscapeRight";
				INFOPLIST_KEY_UISupportedInterfaceOrientations_iPhone = "UIInterfaceOrientationPortrait UIInterfaceOrientationLandscapeLeft UIInterfaceOrientationLandscapeRight";
				LD_RUNPATH_SEARCH_PATHS = (
					"$(inherited)",
					"@executable_path/Frameworks",
				);
				MARKETING_VERSION = 1.0;
				PRODUCT_BUNDLE_IDENTIFIER = "Daniil-Lis.TZ1";
				PRODUCT_NAME = "$(TARGET_NAME)";
				SWIFT_EMIT_LOC_STRINGS = YES;
				SWIFT_VERSION = 5.0;
				TARGETED_DEVICE_FAMILY = "1,2";
			};
			name = Debug;
		};
		09F44395292BB6B300D3CFFC /* Release */ = {
			isa = XCBuildConfiguration;
			buildSettings = {
				ASSETCATALOG_COMPILER_APPICON_NAME = AppIcon;
				ASSETCATALOG_COMPILER_GLOBAL_ACCENT_COLOR_NAME = AccentColor;
				CODE_SIGN_STYLE = Automatic;
				CURRENT_PROJECT_VERSION = 1;
				DEVELOPMENT_TEAM = JH326RM538;
				GENERATE_INFOPLIST_FILE = YES;
				INFOPLIST_FILE = TZ1/Info.plist;
				INFOPLIST_KEY_UIApplicationSupportsIndirectInputEvents = YES;
				INFOPLIST_KEY_UILaunchStoryboardName = LaunchScreen;
				INFOPLIST_KEY_UIMainStoryboardFile = Main;
				INFOPLIST_KEY_UISupportedInterfaceOrientations_iPad = "UIInterfaceOrientationPortrait UIInterfaceOrientationPortraitUpsideDown UIInterfaceOrientationLandscapeLeft UIInterfaceOrientationLandscapeRight";
				INFOPLIST_KEY_UISupportedInterfaceOrientations_iPhone = "UIInterfaceOrientationPortrait UIInterfaceOrientationLandscapeLeft UIInterfaceOrientationLandscapeRight";
				LD_RUNPATH_SEARCH_PATHS = (
					"$(inherited)",
					"@executable_path/Frameworks",
				);
				MARKETING_VERSION = 1.0;
				PRODUCT_BUNDLE_IDENTIFIER = "Daniil-Lis.TZ1";
				PRODUCT_NAME = "$(TARGET_NAME)";
				SWIFT_EMIT_LOC_STRINGS = YES;
				SWIFT_VERSION = 5.0;
				TARGETED_DEVICE_FAMILY = "1,2";
			};
			name = Release;
		};
/* End XCBuildConfiguration section */

/* Begin XCConfigurationList section */
		09F4437A292BB6B200D3CFFC /* Build configuration list for PBXProject "TZ1" */ = {
			isa = XCConfigurationList;
			buildConfigurations = (
				09F44391292BB6B300D3CFFC /* Debug */,
				09F44392292BB6B300D3CFFC /* Release */,
			);
			defaultConfigurationIsVisible = 0;
			defaultConfigurationName = Release;
		};
		09F44393292BB6B300D3CFFC /* Build configuration list for PBXNativeTarget "TZ1" */ = {
			isa = XCConfigurationList;
			buildConfigurations = (
				09F44394292BB6B300D3CFFC /* Debug */,
				09F44395292BB6B300D3CFFC /* Release */,
			);
			defaultConfigurationIsVisible = 0;
			defaultConfigurationName = Release;
		};
/* End XCConfigurationList section */
	};
	rootObject = 09F44377292BB6B200D3CFFC /* Project object */;
}
